
Microsoft Visual Studio Solution File, Format Version 12.00
# Visual Studio Version 17
VisualStudioVersion = 17.4.33213.308
MinimumVisualStudioVersion = 10.0.40219.1
Project("{9A19103F-16F7-4668-BE54-9A1E7A4F7556}") = "Messenger", "Messenger\Messenger.csproj", "{29ADD482-46C6-414E-A2B2-D58C07B982D8}"
EndProject
Project("{9A19103F-16F7-4668-BE54-9A1E7A4F7556}") = "Messenger.Tests", "Messenger.Tests\Messenger.Tests.csproj", "{0106D2E1-AA93-4D90-853B-68D941586DF0}"
EndProject
Project("{9A19103F-16F7-4668-BE54-9A1E7A4F7556}") = "Messenger.Console", "Messenger.Console\Messenger.Console.csproj", "{393A3BA5-12CB-4461-9C08-2520CCCCECD1}"
EndProject
Project("{9A19103F-16F7-4668-BE54-9A1E7A4F7556}") = "Messenger.WinForms", "Messenger.WinForms\Messenger.WinForms.csproj", "{F74FD24E-1552-48A9-BF10-F3B18EB56110}"
EndProject
Global
	GlobalSection(SolutionConfigurationPlatforms) = preSolution
		Debug|Any CPU = Debug|Any CPU
		Release|Any CPU = Release|Any CPU
	EndGlobalSection
	GlobalSection(ProjectConfigurationPlatforms) = postSolution
		{29ADD482-46C6-414E-A2B2-D58C07B982D8}.Debug|Any CPU.ActiveCfg = Debug|Any CPU
		{29ADD482-46C6-414E-A2B2-D58C07B982D8}.Debug|Any CPU.Build.0 = Debug|Any CPU
		{29ADD482-46C6-414E-A2B2-D58C07B982D8}.Release|Any CPU.ActiveCfg = Release|Any CPU
		{29ADD482-46C6-414E-A2B2-D58C07B982D8}.Release|Any CPU.Build.0 = Release|Any CPU
		{0106D2E1-AA93-4D90-853B-68D941586DF0}.Debug|Any CPU.ActiveCfg = Debug|Any CPU
		{0106D2E1-AA93-4D90-853B-68D941586DF0}.Debug|Any CPU.Build.0 = Debug|Any CPU
		{0106D2E1-AA93-4D90-853B-68D941586DF0}.Release|Any CPU.ActiveCfg = Release|Any CPU
		{0106D2E1-AA93-4D90-853B-68D941586DF0}.Release|Any CPU.Build.0 = Release|Any CPU
		{393A3BA5-12CB-4461-9C08-2520CCCCECD1}.Debug|Any CPU.ActiveCfg = Debug|Any CPU
		{393A3BA5-12CB-4461-9C08-2520CCCCECD1}.Debug|Any CPU.Build.0 = Debug|Any CPU
		{393A3BA5-12CB-4461-9C08-2520CCCCECD1}.Release|Any CPU.ActiveCfg = Release|Any CPU
		{393A3BA5-12CB-4461-9C08-2520CCCCECD1}.Release|Any CPU.Build.0 = Release|Any CPU
		{F74FD24E-1552-48A9-BF10-F3B18EB56110}.Debug|Any CPU.ActiveCfg = Debug|Any CPU
		{F74FD24E-1552-48A9-BF10-F3B18EB56110}.Debug|Any CPU.Build.0 = Debug|Any CPU
		{F74FD24E-1552-48A9-BF10-F3B18EB56110}.Release|Any CPU.ActiveCfg = Release|Any CPU
		{F74FD24E-1552-48A9-BF10-F3B18EB56110}.Release|Any CPU.Build.0 = Release|Any CPU
	EndGlobalSection
	GlobalSection(SolutionProperties) = preSolution
		HideSolutionNode = FALSE
	EndGlobalSection
	GlobalSection(ExtensibilityGlobals) = postSolution
		SolutionGuid = {6DB7FC2B-F4C9-4035-91AE-D4946B362A43}
	EndGlobalSection
EndGlobal
