
Microsoft Visual Studio Solution File, Format Version 12.00
# Visual Studio Version 17
VisualStudioVersion = 17.4.33213.308
MinimumVisualStudioVersion = 10.0.40219.1
Project("{9A19103F-16F7-4668-BE54-9A1E7A4F7556}") = "Messenger", "Messenger\Messenger.csproj", "{0457D5CB-A9CF-46DA-907D-0A517607F618}"
EndProject
Project("{9A19103F-16F7-4668-BE54-9A1E7A4F7556}") = "Messenger.Console", "Messenger.Console\Messenger.Console.csproj", "{3D72C902-6400-4EE6-A73F-E01AAA7CE0C2}"
EndProject
Project("{9A19103F-16F7-4668-BE54-9A1E7A4F7556}") = "Messenger.WinForms", "Messenger.WinForms\Messenger.WinForms.csproj", "{D9735A45-4E26-4BEB-996C-61D24FA771A0}"
EndProject
Project("{9A19103F-16F7-4668-BE54-9A1E7A4F7556}") = "TestDb", "TestDb\TestDb.csproj", "{D03E9164-7640-4387-B27A-FC919D828DAF}"
EndProject
Project("{FAE04EC0-301F-11D3-BF4B-00C04F79EFBC}") = "Messenger.Tests", "Messenger.Tests\Messenger.Tests.csproj", "{31E0F042-91A8-460F-B66E-FDBD350FCA75}"
EndProject
Global
	GlobalSection(SolutionConfigurationPlatforms) = preSolution
		Debug|Any CPU = Debug|Any CPU
		Release|Any CPU = Release|Any CPU
	EndGlobalSection
	GlobalSection(ProjectConfigurationPlatforms) = postSolution
		{0457D5CB-A9CF-46DA-907D-0A517607F618}.Debug|Any CPU.ActiveCfg = Debug|Any CPU
		{0457D5CB-A9CF-46DA-907D-0A517607F618}.Debug|Any CPU.Build.0 = Debug|Any CPU
		{0457D5CB-A9CF-46DA-907D-0A517607F618}.Release|Any CPU.ActiveCfg = Release|Any CPU
		{0457D5CB-A9CF-46DA-907D-0A517607F618}.Release|Any CPU.Build.0 = Release|Any CPU
		{3D72C902-6400-4EE6-A73F-E01AAA7CE0C2}.Debug|Any CPU.ActiveCfg = Debug|Any CPU
		{3D72C902-6400-4EE6-A73F-E01AAA7CE0C2}.Debug|Any CPU.Build.0 = Debug|Any CPU
		{3D72C902-6400-4EE6-A73F-E01AAA7CE0C2}.Release|Any CPU.ActiveCfg = Release|Any CPU
		{3D72C902-6400-4EE6-A73F-E01AAA7CE0C2}.Release|Any CPU.Build.0 = Release|Any CPU
		{D9735A45-4E26-4BEB-996C-61D24FA771A0}.Debug|Any CPU.ActiveCfg = Debug|Any CPU
		{D9735A45-4E26-4BEB-996C-61D24FA771A0}.Debug|Any CPU.Build.0 = Debug|Any CPU
		{D9735A45-4E26-4BEB-996C-61D24FA771A0}.Release|Any CPU.ActiveCfg = Release|Any CPU
		{D9735A45-4E26-4BEB-996C-61D24FA771A0}.Release|Any CPU.Build.0 = Release|Any CPU
		{D03E9164-7640-4387-B27A-FC919D828DAF}.Debug|Any CPU.ActiveCfg = Debug|Any CPU
		{D03E9164-7640-4387-B27A-FC919D828DAF}.Debug|Any CPU.Build.0 = Debug|Any CPU
		{D03E9164-7640-4387-B27A-FC919D828DAF}.Release|Any CPU.ActiveCfg = Release|Any CPU
		{D03E9164-7640-4387-B27A-FC919D828DAF}.Release|Any CPU.Build.0 = Release|Any CPU
		{31E0F042-91A8-460F-B66E-FDBD350FCA75}.Debug|Any CPU.ActiveCfg = Debug|Any CPU
		{31E0F042-91A8-460F-B66E-FDBD350FCA75}.Debug|Any CPU.Build.0 = Debug|Any CPU
		{31E0F042-91A8-460F-B66E-FDBD350FCA75}.Release|Any CPU.ActiveCfg = Release|Any CPU
		{31E0F042-91A8-460F-B66E-FDBD350FCA75}.Release|Any CPU.Build.0 = Release|Any CPU
	EndGlobalSection
	GlobalSection(SolutionProperties) = preSolution
		HideSolutionNode = FALSE
	EndGlobalSection
	GlobalSection(ExtensibilityGlobals) = postSolution
		SolutionGuid = {AA579A20-C516-4B23-AA9B-BE25F577C2BC}
	EndGlobalSection
EndGlobal
