
Microsoft Visual Studio Solution File, Format Version 12.00
# Visual Studio Version 17
VisualStudioVersion = 17.3.32811.315
MinimumVisualStudioVersion = 10.0.40219.1
Project("{9A19103F-16F7-4668-BE54-9A1E7A4F7556}") = "Shkiper", "Shkiper.csproj", "{31C331A3-EF69-4F52-BE11-7F6F3ABB02E2}"
EndProject
Project("{FAE04EC0-301F-11D3-BF4B-00C04F79EFBC}") = "PracticeWinForm", "..\PracticeWinForm\PracticeWinForm.csproj", "{AC3F8B5D-714F-4ABB-9A40-895757D62DA0}"
EndProject
Project("{FAE04EC0-301F-11D3-BF4B-00C04F79EFBC}") = "PracticeConsole", "..\PracticeConsole\PracticeConsole.csproj", "{598E34CC-7C5D-4C90-87C5-DE982DFEE5A3}"
EndProject
Global
	GlobalSection(SolutionConfigurationPlatforms) = preSolution
		Debug|Any CPU = Debug|Any CPU
		Release|Any CPU = Release|Any CPU
	EndGlobalSection
	GlobalSection(ProjectConfigurationPlatforms) = postSolution
		{31C331A3-EF69-4F52-BE11-7F6F3ABB02E2}.Debug|Any CPU.ActiveCfg = Debug|Any CPU
		{31C331A3-EF69-4F52-BE11-7F6F3ABB02E2}.Debug|Any CPU.Build.0 = Debug|Any CPU
		{31C331A3-EF69-4F52-BE11-7F6F3ABB02E2}.Release|Any CPU.ActiveCfg = Release|Any CPU
		{31C331A3-EF69-4F52-BE11-7F6F3ABB02E2}.Release|Any CPU.Build.0 = Release|Any CPU
		{AC3F8B5D-714F-4ABB-9A40-895757D62DA0}.Debug|Any CPU.ActiveCfg = Debug|Any CPU
		{AC3F8B5D-714F-4ABB-9A40-895757D62DA0}.Debug|Any CPU.Build.0 = Debug|Any CPU
		{AC3F8B5D-714F-4ABB-9A40-895757D62DA0}.Release|Any CPU.ActiveCfg = Release|Any CPU
		{AC3F8B5D-714F-4ABB-9A40-895757D62DA0}.Release|Any CPU.Build.0 = Release|Any CPU
		{598E34CC-7C5D-4C90-87C5-DE982DFEE5A3}.Debug|Any CPU.ActiveCfg = Debug|Any CPU
		{598E34CC-7C5D-4C90-87C5-DE982DFEE5A3}.Debug|Any CPU.Build.0 = Debug|Any CPU
		{598E34CC-7C5D-4C90-87C5-DE982DFEE5A3}.Release|Any CPU.ActiveCfg = Release|Any CPU
		{598E34CC-7C5D-4C90-87C5-DE982DFEE5A3}.Release|Any CPU.Build.0 = Release|Any CPU
	EndGlobalSection
	GlobalSection(SolutionProperties) = preSolution
		HideSolutionNode = FALSE
	EndGlobalSection
	GlobalSection(ExtensibilityGlobals) = postSolution
		SolutionGuid = {5176409C-D50A-4C7A-8AF5-B3A27E95674D}
	EndGlobalSection
EndGlobal
